
Microsoft Visual Studio Solution File, Format Version 12.00
# Visual Studio Version 17
VisualStudioVersion = 17.9.34622.214
MinimumVisualStudioVersion = 10.0.40219.1
Project("{FAE04EC0-301F-11D3-BF4B-00C04F79EFBC}") = "SignalR.NET8", "SignalR.NET8\SignalR.NET8.csproj", "{B80CAD82-8B2A-4A6F-BB69-91AA72920CB8}"
EndProject
Global
	GlobalSection(SolutionConfigurationPlatforms) = preSolution
		Debug|Any CPU = Debug|Any CPU
		Release|Any CPU = Release|Any CPU
	EndGlobalSection
	GlobalSection(ProjectConfigurationPlatforms) = postSolution
		{B80CAD82-8B2A-4A6F-BB69-91AA72920CB8}.Debug|Any CPU.ActiveCfg = Debug|Any CPU
		{B80CAD82-8B2A-4A6F-BB69-91AA72920CB8}.Debug|Any CPU.Build.0 = Debug|Any CPU
		{B80CAD82-8B2A-4A6F-BB69-91AA72920CB8}.Release|Any CPU.ActiveCfg = Release|Any CPU
		{B80CAD82-8B2A-4A6F-BB69-91AA72920CB8}.Release|Any CPU.Build.0 = Release|Any CPU
	EndGlobalSection
	GlobalSection(SolutionProperties) = preSolution
		HideSolutionNode = FALSE
	EndGlobalSection
	GlobalSection(ExtensibilityGlobals) = postSolution
		SolutionGuid = {5BD3AD01-4EEB-4781-B948-86A4CA9613E1}
	EndGlobalSection
EndGlobal
